
Microsoft Visual Studio Solution File, Format Version 12.00
# Visual Studio Version 17
VisualStudioVersion = 17.0.31903.59
MinimumVisualStudioVersion = 10.0.40219.1
Project("{FAE04EC0-301F-11D3-BF4B-00C04F79EFBC}") = "wow-paper-trader.Api", "wow-paper-trader.Api\wow-paper-trader.Api.csproj", "{5E078C2A-B45F-4E72-89BE-13406BD38C2A}"
EndProject
Project("{FAE04EC0-301F-11D3-BF4B-00C04F79EFBC}") = "wow-paper-trader.Ingestor", "wow-paper-trader.Ingestor\wow-paper-trader.Ingestor.csproj", "{A7A054AF-1C9B-406E-80FB-2078A5C205A0}"
EndProject
Project("{FAE04EC0-301F-11D3-BF4B-00C04F79EFBC}") = "wow-paper-trader.Ingestor.Tests", "wow-paper-trader.Ingestor.Tests\wow-paper-trader.Ingestor.Tests.csproj", "{A0FB8E12-7448-491C-B1F7-0B7CC331DF94}"
EndProject
Global
	GlobalSection(SolutionConfigurationPlatforms) = preSolution
		Debug|Any CPU = Debug|Any CPU
		Debug|x64 = Debug|x64
		Debug|x86 = Debug|x86
		Release|Any CPU = Release|Any CPU
		Release|x64 = Release|x64
		Release|x86 = Release|x86
	EndGlobalSection
	GlobalSection(ProjectConfigurationPlatforms) = postSolution
		{5E078C2A-B45F-4E72-89BE-13406BD38C2A}.Debug|Any CPU.ActiveCfg = Debug|Any CPU
		{5E078C2A-B45F-4E72-89BE-13406BD38C2A}.Debug|Any CPU.Build.0 = Debug|Any CPU
		{5E078C2A-B45F-4E72-89BE-13406BD38C2A}.Debug|x64.ActiveCfg = Debug|Any CPU
		{5E078C2A-B45F-4E72-89BE-13406BD38C2A}.Debug|x64.Build.0 = Debug|Any CPU
		{5E078C2A-B45F-4E72-89BE-13406BD38C2A}.Debug|x86.ActiveCfg = Debug|Any CPU
		{5E078C2A-B45F-4E72-89BE-13406BD38C2A}.Debug|x86.Build.0 = Debug|Any CPU
		{5E078C2A-B45F-4E72-89BE-13406BD38C2A}.Release|Any CPU.ActiveCfg = Release|Any CPU
		{5E078C2A-B45F-4E72-89BE-13406BD38C2A}.Release|Any CPU.Build.0 = Release|Any CPU
		{5E078C2A-B45F-4E72-89BE-13406BD38C2A}.Release|x64.ActiveCfg = Release|Any CPU
		{5E078C2A-B45F-4E72-89BE-13406BD38C2A}.Release|x64.Build.0 = Release|Any CPU
		{5E078C2A-B45F-4E72-89BE-13406BD38C2A}.Release|x86.ActiveCfg = Release|Any CPU
		{5E078C2A-B45F-4E72-89BE-13406BD38C2A}.Release|x86.Build.0 = Release|Any CPU
		{A7A054AF-1C9B-406E-80FB-2078A5C205A0}.Debug|Any CPU.ActiveCfg = Debug|Any CPU
		{A7A054AF-1C9B-406E-80FB-2078A5C205A0}.Debug|Any CPU.Build.0 = Debug|Any CPU
		{A7A054AF-1C9B-406E-80FB-2078A5C205A0}.Debug|x64.ActiveCfg = Debug|Any CPU
		{A7A054AF-1C9B-406E-80FB-2078A5C205A0}.Debug|x64.Build.0 = Debug|Any CPU
		{A7A054AF-1C9B-406E-80FB-2078A5C205A0}.Debug|x86.ActiveCfg = Debug|Any CPU
		{A7A054AF-1C9B-406E-80FB-2078A5C205A0}.Debug|x86.Build.0 = Debug|Any CPU
		{A7A054AF-1C9B-406E-80FB-2078A5C205A0}.Release|Any CPU.ActiveCfg = Release|Any CPU
		{A7A054AF-1C9B-406E-80FB-2078A5C205A0}.Release|Any CPU.Build.0 = Release|Any CPU
		{A7A054AF-1C9B-406E-80FB-2078A5C205A0}.Release|x64.ActiveCfg = Release|Any CPU
		{A7A054AF-1C9B-406E-80FB-2078A5C205A0}.Release|x64.Build.0 = Release|Any CPU
		{A7A054AF-1C9B-406E-80FB-2078A5C205A0}.Release|x86.ActiveCfg = Release|Any CPU
		{A7A054AF-1C9B-406E-80FB-2078A5C205A0}.Release|x86.Build.0 = Release|Any CPU
		{A0FB8E12-7448-491C-B1F7-0B7CC331DF94}.Debug|Any CPU.ActiveCfg = Debug|Any CPU
		{A0FB8E12-7448-491C-B1F7-0B7CC331DF94}.Debug|Any CPU.Build.0 = Debug|Any CPU
		{A0FB8E12-7448-491C-B1F7-0B7CC331DF94}.Debug|x64.ActiveCfg = Debug|Any CPU
		{A0FB8E12-7448-491C-B1F7-0B7CC331DF94}.Debug|x64.Build.0 = Debug|Any CPU
		{A0FB8E12-7448-491C-B1F7-0B7CC331DF94}.Debug|x86.ActiveCfg = Debug|Any CPU
		{A0FB8E12-7448-491C-B1F7-0B7CC331DF94}.Debug|x86.Build.0 = Debug|Any CPU
		{A0FB8E12-7448-491C-B1F7-0B7CC331DF94}.Release|Any CPU.ActiveCfg = Release|Any CPU
		{A0FB8E12-7448-491C-B1F7-0B7CC331DF94}.Release|Any CPU.Build.0 = Release|Any CPU
		{A0FB8E12-7448-491C-B1F7-0B7CC331DF94}.Release|x64.ActiveCfg = Release|Any CPU
		{A0FB8E12-7448-491C-B1F7-0B7CC331DF94}.Release|x64.Build.0 = Release|Any CPU
		{A0FB8E12-7448-491C-B1F7-0B7CC331DF94}.Release|x86.ActiveCfg = Release|Any CPU
		{A0FB8E12-7448-491C-B1F7-0B7CC331DF94}.Release|x86.Build.0 = Release|Any CPU
	EndGlobalSection
	GlobalSection(SolutionProperties) = preSolution
		HideSolutionNode = FALSE
	EndGlobalSection
EndGlobal
