
Microsoft Visual Studio Solution File, Format Version 12.00
# Visual Studio Version 17
VisualStudioVersion = 17.0.31903.59
MinimumVisualStudioVersion = 10.0.40219.1
Project("{FAE04EC0-301F-11D3-BF4B-00C04F79EFBC}") = "wow-paper-trader.Ingestor", "wow-paper-trader.Ingestor\wow-paper-trader.Ingestor.csproj", "{A7A054AF-1C9B-406E-80FB-2078A5C205A0}"
EndProject
Project("{FAE04EC0-301F-11D3-BF4B-00C04F79EFBC}") = "wow-paper-trader.Application.Write", "wow-paper-trader.Application.Write\wow-paper-trader.Application.Write.csproj", "{CA52AFD5-2A62-461B-9754-D12B5AE2176F}"
EndProject
Project("{FAE04EC0-301F-11D3-BF4B-00C04F79EFBC}") = "wow-paper-trader.Infrastructure", "wow-paper-trader.Infrastructure\wow-paper-trader.Infrastructure.csproj", "{BA5E640B-33AC-45EA-9469-F8FE2489677B}"
EndProject
Project("{FAE04EC0-301F-11D3-BF4B-00C04F79EFBC}") = "wow-paper-trader.Api.Read", "wow-paper-trader.Api.Read\wow-paper-trader.Api.Read.csproj", "{10E1464C-4B96-48BD-8CE4-C28B8AB90453}"
EndProject
Project("{FAE04EC0-301F-11D3-BF4B-00C04F79EFBC}") = "wow-paper-trader.Application.Read", "wow-paper-trader.Application.Read\wow-paper-trader.Application.Read.csproj", "{84196C1D-C470-4E25-9979-072BFC2D9683}"
EndProject
Project("{FAE04EC0-301F-11D3-BF4B-00C04F79EFBC}") = "wow-paper-trader.Api.Write", "wow-paper-trader.Api.Write\wow-paper-trader.Api.Write.csproj", "{7FB8438A-79B3-431F-9AB5-7FE16DD7D44E}"
EndProject
Project("{FAE04EC0-301F-11D3-BF4B-00C04F79EFBC}") = "wow-paper-trader.Persistence", "wow-paper-trader.Persistence\wow-paper-trader.Persistence.csproj", "{652803E3-BD23-47E8-883D-6E40974D15A2}"
EndProject
Project("{FAE04EC0-301F-11D3-BF4B-00C04F79EFBC}") = "wow-paper-trader.Application.Write.Tests", "wow-paper-trader.Application.Write.Tests\wow-paper-trader.Application.Write.Tests.csproj", "{76E95DD4-A5B4-4C7E-B596-5DE10E8057F5}"
EndProject
Project("{FAE04EC0-301F-11D3-BF4B-00C04F79EFBC}") = "wow-paper-trader.Application.Read.Tests", "wow-paper-trader.Application.Read.Tests\wow-paper-trader.Application.Read.Tests.csproj", "{3B01FD1F-B595-4E52-A1FC-697A8E9F132E}"
EndProject
Project("{FAE04EC0-301F-11D3-BF4B-00C04F79EFBC}") = "wow-paper-trader.Persistence.Tests", "wow-paper-trader.Persistence.Tests\wow-paper-trader.Persistence.Tests.csproj", "{48BFED91-BEE5-4C8B-B9B9-290E4FA819E3}"
EndProject
Global
	GlobalSection(SolutionConfigurationPlatforms) = preSolution
		Debug|Any CPU = Debug|Any CPU
		Debug|x64 = Debug|x64
		Debug|x86 = Debug|x86
		Release|Any CPU = Release|Any CPU
		Release|x64 = Release|x64
		Release|x86 = Release|x86
	EndGlobalSection
	GlobalSection(ProjectConfigurationPlatforms) = postSolution
		{A7A054AF-1C9B-406E-80FB-2078A5C205A0}.Debug|Any CPU.ActiveCfg = Debug|Any CPU
		{A7A054AF-1C9B-406E-80FB-2078A5C205A0}.Debug|Any CPU.Build.0 = Debug|Any CPU
		{A7A054AF-1C9B-406E-80FB-2078A5C205A0}.Debug|x64.ActiveCfg = Debug|Any CPU
		{A7A054AF-1C9B-406E-80FB-2078A5C205A0}.Debug|x64.Build.0 = Debug|Any CPU
		{A7A054AF-1C9B-406E-80FB-2078A5C205A0}.Debug|x86.ActiveCfg = Debug|Any CPU
		{A7A054AF-1C9B-406E-80FB-2078A5C205A0}.Debug|x86.Build.0 = Debug|Any CPU
		{A7A054AF-1C9B-406E-80FB-2078A5C205A0}.Release|Any CPU.ActiveCfg = Release|Any CPU
		{A7A054AF-1C9B-406E-80FB-2078A5C205A0}.Release|Any CPU.Build.0 = Release|Any CPU
		{A7A054AF-1C9B-406E-80FB-2078A5C205A0}.Release|x64.ActiveCfg = Release|Any CPU
		{A7A054AF-1C9B-406E-80FB-2078A5C205A0}.Release|x64.Build.0 = Release|Any CPU
		{A7A054AF-1C9B-406E-80FB-2078A5C205A0}.Release|x86.ActiveCfg = Release|Any CPU
		{A7A054AF-1C9B-406E-80FB-2078A5C205A0}.Release|x86.Build.0 = Release|Any CPU
		{CA52AFD5-2A62-461B-9754-D12B5AE2176F}.Debug|Any CPU.ActiveCfg = Debug|Any CPU
		{CA52AFD5-2A62-461B-9754-D12B5AE2176F}.Debug|Any CPU.Build.0 = Debug|Any CPU
		{CA52AFD5-2A62-461B-9754-D12B5AE2176F}.Debug|x64.ActiveCfg = Debug|Any CPU
		{CA52AFD5-2A62-461B-9754-D12B5AE2176F}.Debug|x64.Build.0 = Debug|Any CPU
		{CA52AFD5-2A62-461B-9754-D12B5AE2176F}.Debug|x86.ActiveCfg = Debug|Any CPU
		{CA52AFD5-2A62-461B-9754-D12B5AE2176F}.Debug|x86.Build.0 = Debug|Any CPU
		{CA52AFD5-2A62-461B-9754-D12B5AE2176F}.Release|Any CPU.ActiveCfg = Release|Any CPU
		{CA52AFD5-2A62-461B-9754-D12B5AE2176F}.Release|Any CPU.Build.0 = Release|Any CPU
		{CA52AFD5-2A62-461B-9754-D12B5AE2176F}.Release|x64.ActiveCfg = Release|Any CPU
		{CA52AFD5-2A62-461B-9754-D12B5AE2176F}.Release|x64.Build.0 = Release|Any CPU
		{CA52AFD5-2A62-461B-9754-D12B5AE2176F}.Release|x86.ActiveCfg = Release|Any CPU
		{CA52AFD5-2A62-461B-9754-D12B5AE2176F}.Release|x86.Build.0 = Release|Any CPU
		{BA5E640B-33AC-45EA-9469-F8FE2489677B}.Debug|Any CPU.ActiveCfg = Debug|Any CPU
		{BA5E640B-33AC-45EA-9469-F8FE2489677B}.Debug|Any CPU.Build.0 = Debug|Any CPU
		{BA5E640B-33AC-45EA-9469-F8FE2489677B}.Debug|x64.ActiveCfg = Debug|Any CPU
		{BA5E640B-33AC-45EA-9469-F8FE2489677B}.Debug|x64.Build.0 = Debug|Any CPU
		{BA5E640B-33AC-45EA-9469-F8FE2489677B}.Debug|x86.ActiveCfg = Debug|Any CPU
		{BA5E640B-33AC-45EA-9469-F8FE2489677B}.Debug|x86.Build.0 = Debug|Any CPU
		{BA5E640B-33AC-45EA-9469-F8FE2489677B}.Release|Any CPU.ActiveCfg = Release|Any CPU
		{BA5E640B-33AC-45EA-9469-F8FE2489677B}.Release|Any CPU.Build.0 = Release|Any CPU
		{BA5E640B-33AC-45EA-9469-F8FE2489677B}.Release|x64.ActiveCfg = Release|Any CPU
		{BA5E640B-33AC-45EA-9469-F8FE2489677B}.Release|x64.Build.0 = Release|Any CPU
		{BA5E640B-33AC-45EA-9469-F8FE2489677B}.Release|x86.ActiveCfg = Release|Any CPU
		{BA5E640B-33AC-45EA-9469-F8FE2489677B}.Release|x86.Build.0 = Release|Any CPU
		{10E1464C-4B96-48BD-8CE4-C28B8AB90453}.Debug|Any CPU.ActiveCfg = Debug|Any CPU
		{10E1464C-4B96-48BD-8CE4-C28B8AB90453}.Debug|Any CPU.Build.0 = Debug|Any CPU
		{10E1464C-4B96-48BD-8CE4-C28B8AB90453}.Debug|x64.ActiveCfg = Debug|Any CPU
		{10E1464C-4B96-48BD-8CE4-C28B8AB90453}.Debug|x64.Build.0 = Debug|Any CPU
		{10E1464C-4B96-48BD-8CE4-C28B8AB90453}.Debug|x86.ActiveCfg = Debug|Any CPU
		{10E1464C-4B96-48BD-8CE4-C28B8AB90453}.Debug|x86.Build.0 = Debug|Any CPU
		{10E1464C-4B96-48BD-8CE4-C28B8AB90453}.Release|Any CPU.ActiveCfg = Release|Any CPU
		{10E1464C-4B96-48BD-8CE4-C28B8AB90453}.Release|Any CPU.Build.0 = Release|Any CPU
		{10E1464C-4B96-48BD-8CE4-C28B8AB90453}.Release|x64.ActiveCfg = Release|Any CPU
		{10E1464C-4B96-48BD-8CE4-C28B8AB90453}.Release|x64.Build.0 = Release|Any CPU
		{10E1464C-4B96-48BD-8CE4-C28B8AB90453}.Release|x86.ActiveCfg = Release|Any CPU
		{10E1464C-4B96-48BD-8CE4-C28B8AB90453}.Release|x86.Build.0 = Release|Any CPU
		{84196C1D-C470-4E25-9979-072BFC2D9683}.Debug|Any CPU.ActiveCfg = Debug|Any CPU
		{84196C1D-C470-4E25-9979-072BFC2D9683}.Debug|Any CPU.Build.0 = Debug|Any CPU
		{84196C1D-C470-4E25-9979-072BFC2D9683}.Debug|x64.ActiveCfg = Debug|Any CPU
		{84196C1D-C470-4E25-9979-072BFC2D9683}.Debug|x64.Build.0 = Debug|Any CPU
		{84196C1D-C470-4E25-9979-072BFC2D9683}.Debug|x86.ActiveCfg = Debug|Any CPU
		{84196C1D-C470-4E25-9979-072BFC2D9683}.Debug|x86.Build.0 = Debug|Any CPU
		{84196C1D-C470-4E25-9979-072BFC2D9683}.Release|Any CPU.ActiveCfg = Release|Any CPU
		{84196C1D-C470-4E25-9979-072BFC2D9683}.Release|Any CPU.Build.0 = Release|Any CPU
		{84196C1D-C470-4E25-9979-072BFC2D9683}.Release|x64.ActiveCfg = Release|Any CPU
		{84196C1D-C470-4E25-9979-072BFC2D9683}.Release|x64.Build.0 = Release|Any CPU
		{84196C1D-C470-4E25-9979-072BFC2D9683}.Release|x86.ActiveCfg = Release|Any CPU
		{84196C1D-C470-4E25-9979-072BFC2D9683}.Release|x86.Build.0 = Release|Any CPU
		{7FB8438A-79B3-431F-9AB5-7FE16DD7D44E}.Debug|Any CPU.ActiveCfg = Debug|Any CPU
		{7FB8438A-79B3-431F-9AB5-7FE16DD7D44E}.Debug|Any CPU.Build.0 = Debug|Any CPU
		{7FB8438A-79B3-431F-9AB5-7FE16DD7D44E}.Debug|x64.ActiveCfg = Debug|Any CPU
		{7FB8438A-79B3-431F-9AB5-7FE16DD7D44E}.Debug|x64.Build.0 = Debug|Any CPU
		{7FB8438A-79B3-431F-9AB5-7FE16DD7D44E}.Debug|x86.ActiveCfg = Debug|Any CPU
		{7FB8438A-79B3-431F-9AB5-7FE16DD7D44E}.Debug|x86.Build.0 = Debug|Any CPU
		{7FB8438A-79B3-431F-9AB5-7FE16DD7D44E}.Release|Any CPU.ActiveCfg = Release|Any CPU
		{7FB8438A-79B3-431F-9AB5-7FE16DD7D44E}.Release|Any CPU.Build.0 = Release|Any CPU
		{7FB8438A-79B3-431F-9AB5-7FE16DD7D44E}.Release|x64.ActiveCfg = Release|Any CPU
		{7FB8438A-79B3-431F-9AB5-7FE16DD7D44E}.Release|x64.Build.0 = Release|Any CPU
		{7FB8438A-79B3-431F-9AB5-7FE16DD7D44E}.Release|x86.ActiveCfg = Release|Any CPU
		{7FB8438A-79B3-431F-9AB5-7FE16DD7D44E}.Release|x86.Build.0 = Release|Any CPU
		{652803E3-BD23-47E8-883D-6E40974D15A2}.Debug|Any CPU.ActiveCfg = Debug|Any CPU
		{652803E3-BD23-47E8-883D-6E40974D15A2}.Debug|Any CPU.Build.0 = Debug|Any CPU
		{652803E3-BD23-47E8-883D-6E40974D15A2}.Debug|x64.ActiveCfg = Debug|Any CPU
		{652803E3-BD23-47E8-883D-6E40974D15A2}.Debug|x64.Build.0 = Debug|Any CPU
		{652803E3-BD23-47E8-883D-6E40974D15A2}.Debug|x86.ActiveCfg = Debug|Any CPU
		{652803E3-BD23-47E8-883D-6E40974D15A2}.Debug|x86.Build.0 = Debug|Any CPU
		{652803E3-BD23-47E8-883D-6E40974D15A2}.Release|Any CPU.ActiveCfg = Release|Any CPU
		{652803E3-BD23-47E8-883D-6E40974D15A2}.Release|Any CPU.Build.0 = Release|Any CPU
		{652803E3-BD23-47E8-883D-6E40974D15A2}.Release|x64.ActiveCfg = Release|Any CPU
		{652803E3-BD23-47E8-883D-6E40974D15A2}.Release|x64.Build.0 = Release|Any CPU
		{652803E3-BD23-47E8-883D-6E40974D15A2}.Release|x86.ActiveCfg = Release|Any CPU
		{652803E3-BD23-47E8-883D-6E40974D15A2}.Release|x86.Build.0 = Release|Any CPU
		{76E95DD4-A5B4-4C7E-B596-5DE10E8057F5}.Debug|Any CPU.ActiveCfg = Debug|Any CPU
		{76E95DD4-A5B4-4C7E-B596-5DE10E8057F5}.Debug|Any CPU.Build.0 = Debug|Any CPU
		{76E95DD4-A5B4-4C7E-B596-5DE10E8057F5}.Debug|x64.ActiveCfg = Debug|Any CPU
		{76E95DD4-A5B4-4C7E-B596-5DE10E8057F5}.Debug|x64.Build.0 = Debug|Any CPU
		{76E95DD4-A5B4-4C7E-B596-5DE10E8057F5}.Debug|x86.ActiveCfg = Debug|Any CPU
		{76E95DD4-A5B4-4C7E-B596-5DE10E8057F5}.Debug|x86.Build.0 = Debug|Any CPU
		{76E95DD4-A5B4-4C7E-B596-5DE10E8057F5}.Release|Any CPU.ActiveCfg = Release|Any CPU
		{76E95DD4-A5B4-4C7E-B596-5DE10E8057F5}.Release|Any CPU.Build.0 = Release|Any CPU
		{76E95DD4-A5B4-4C7E-B596-5DE10E8057F5}.Release|x64.ActiveCfg = Release|Any CPU
		{76E95DD4-A5B4-4C7E-B596-5DE10E8057F5}.Release|x64.Build.0 = Release|Any CPU
		{76E95DD4-A5B4-4C7E-B596-5DE10E8057F5}.Release|x86.ActiveCfg = Release|Any CPU
		{76E95DD4-A5B4-4C7E-B596-5DE10E8057F5}.Release|x86.Build.0 = Release|Any CPU
		{3B01FD1F-B595-4E52-A1FC-697A8E9F132E}.Debug|Any CPU.ActiveCfg = Debug|Any CPU
		{3B01FD1F-B595-4E52-A1FC-697A8E9F132E}.Debug|Any CPU.Build.0 = Debug|Any CPU
		{3B01FD1F-B595-4E52-A1FC-697A8E9F132E}.Debug|x64.ActiveCfg = Debug|Any CPU
		{3B01FD1F-B595-4E52-A1FC-697A8E9F132E}.Debug|x64.Build.0 = Debug|Any CPU
		{3B01FD1F-B595-4E52-A1FC-697A8E9F132E}.Debug|x86.ActiveCfg = Debug|Any CPU
		{3B01FD1F-B595-4E52-A1FC-697A8E9F132E}.Debug|x86.Build.0 = Debug|Any CPU
		{3B01FD1F-B595-4E52-A1FC-697A8E9F132E}.Release|Any CPU.ActiveCfg = Release|Any CPU
		{3B01FD1F-B595-4E52-A1FC-697A8E9F132E}.Release|Any CPU.Build.0 = Release|Any CPU
		{3B01FD1F-B595-4E52-A1FC-697A8E9F132E}.Release|x64.ActiveCfg = Release|Any CPU
		{3B01FD1F-B595-4E52-A1FC-697A8E9F132E}.Release|x64.Build.0 = Release|Any CPU
		{3B01FD1F-B595-4E52-A1FC-697A8E9F132E}.Release|x86.ActiveCfg = Release|Any CPU
		{3B01FD1F-B595-4E52-A1FC-697A8E9F132E}.Release|x86.Build.0 = Release|Any CPU
		{48BFED91-BEE5-4C8B-B9B9-290E4FA819E3}.Debug|Any CPU.ActiveCfg = Debug|Any CPU
		{48BFED91-BEE5-4C8B-B9B9-290E4FA819E3}.Debug|Any CPU.Build.0 = Debug|Any CPU
		{48BFED91-BEE5-4C8B-B9B9-290E4FA819E3}.Debug|x64.ActiveCfg = Debug|Any CPU
		{48BFED91-BEE5-4C8B-B9B9-290E4FA819E3}.Debug|x64.Build.0 = Debug|Any CPU
		{48BFED91-BEE5-4C8B-B9B9-290E4FA819E3}.Debug|x86.ActiveCfg = Debug|Any CPU
		{48BFED91-BEE5-4C8B-B9B9-290E4FA819E3}.Debug|x86.Build.0 = Debug|Any CPU
		{48BFED91-BEE5-4C8B-B9B9-290E4FA819E3}.Release|Any CPU.ActiveCfg = Release|Any CPU
		{48BFED91-BEE5-4C8B-B9B9-290E4FA819E3}.Release|Any CPU.Build.0 = Release|Any CPU
		{48BFED91-BEE5-4C8B-B9B9-290E4FA819E3}.Release|x64.ActiveCfg = Release|Any CPU
		{48BFED91-BEE5-4C8B-B9B9-290E4FA819E3}.Release|x64.Build.0 = Release|Any CPU
		{48BFED91-BEE5-4C8B-B9B9-290E4FA819E3}.Release|x86.ActiveCfg = Release|Any CPU
		{48BFED91-BEE5-4C8B-B9B9-290E4FA819E3}.Release|x86.Build.0 = Release|Any CPU
	EndGlobalSection
	GlobalSection(SolutionProperties) = preSolution
		HideSolutionNode = FALSE
	EndGlobalSection
EndGlobal
